
Microsoft Visual Studio Solution File, Format Version 12.00
# Visual Studio Version 17
VisualStudioVersion = 17.4.33122.133
MinimumVisualStudioVersion = 10.0.40219.1
Project("{FAE04EC0-301F-11D3-BF4B-00C04F79EFBC}") = "HierarchyPoint", "HierarchyPoint\HierarchyPoint.csproj", "{D2F48874-B77E-4011-896B-94757B21C6E9}"
EndProject
Global
	GlobalSection(SolutionConfigurationPlatforms) = preSolution
		Debug|Any CPU = Debug|Any CPU
		Release|Any CPU = Release|Any CPU
	EndGlobalSection
	GlobalSection(ProjectConfigurationPlatforms) = postSolution
		{D2F48874-B77E-4011-896B-94757B21C6E9}.Debug|Any CPU.ActiveCfg = Debug|Any CPU
		{D2F48874-B77E-4011-896B-94757B21C6E9}.Debug|Any CPU.Build.0 = Debug|Any CPU
		{D2F48874-B77E-4011-896B-94757B21C6E9}.Release|Any CPU.ActiveCfg = Release|Any CPU
		{D2F48874-B77E-4011-896B-94757B21C6E9}.Release|Any CPU.Build.0 = Release|Any CPU
	EndGlobalSection
	GlobalSection(SolutionProperties) = preSolution
		HideSolutionNode = FALSE
	EndGlobalSection
	GlobalSection(ExtensibilityGlobals) = postSolution
		SolutionGuid = {34700662-CCC5-46D2-B3FA-D0729575F156}
	EndGlobalSection
EndGlobal
